{
    "_readme": [
        "This file locks the dependencies of your project to a known state",
        "Read more about it at https://getcomposer.org/doc/01-basic-usage.md#installing-dependencies",
        "This file is @generated automatically"
    ],
    "content-hash": "d7a37872cc0e8e00e987b4e65ee98d6c",
    "packages": [
        {
            "name": "evgenysmrnv/security",
            "version": "1.0.2",
            "source": {
                "type": "git",
                "url": "https://github.com/evgenys75/Secutiry.git",
                "reference": "4f37abe4e17b6d4c35d31cc73532d52d3f759972"
            },
            "dist": {
                "type": "zip",
                "url": "https://api.github.com/repos/evgenys75/Secutiry/zipball/4f37abe4e17b6d4c35d31cc73532d52d3f759972",
                "reference": "4f37abe4e17b6d4c35d31cc73532d52d3f759972",
                "shasum": ""
            },
            "type": "library",
            "autoload": {
                "psr-4": {
                    "Evgenysmrnv\\Security\\": "src/"
                }
            },
            "notification-url": "https://packagist.org/downloads/",
            "authors": [
                {
                    "name": "Evgeniy Smirnov",
                    "email": "evgenysmrnv@gmail.com"
                }
            ],
            "description": "Security patches",
            "support": {
                "issues": "https://github.com/evgenys75/Secutiry/issues",
                "source": "https://github.com/evgenys75/Secutiry/tree/1.0.2"
            },
            "time": "2024-06-18T17:31:22+00:00"
        }
    ],
    "packages-dev": [],
    "aliases": [],
    "minimum-stability": "stable",
    "stability-flags": [],
    "prefer-stable": false,
    "prefer-lowest": false,
    "platform": [],
    "platform-dev": [],
    "plugin-api-version": "2.2.0"
}
