{
    "_readme": [
        "This file locks the dependencies of your project to a known state",
        "Read more about it at https://getcomposer.org/doc/01-basic-usage.md#installing-dependencies",
        "This file is @generated automatically"
    ],
    "content-hash": "37a857cc8185a0f622f08dafe44f06ed",
    "packages": [
        {
            "name": "phplucidframe/console-table",
            "version": "v1.3.0",
            "source": {
                "type": "git",
                "url": "https://github.com/phplucidframe/console-table.git",
                "reference": "6667b7b3c5d000f51480a4995debb7b30556099f"
            },
            "dist": {
                "type": "zip",
                "url": "https://api.github.com/repos/phplucidframe/console-table/zipball/6667b7b3c5d000f51480a4995debb7b30556099f",
                "reference": "6667b7b3c5d000f51480a4995debb7b30556099f",
                "shasum": ""
            },
            "require": {
                "ext-mbstring": "*",
                "php": ">=5.3"
            },
            "require-dev": {
                "phpunit/phpunit": "*"
            },
            "type": "library",
            "autoload": {
                "psr-0": {
                    "LucidFrame\\": "src/",
                    "LucidFrameTest\\": "tests/"
                }
            },
            "notification-url": "https://packagist.org/downloads/",
            "license": [
                "MIT"
            ],
            "authors": [
                {
                    "name": "Sithu",
                    "email": "sithu@phplucidframe.com"
                }
            ],
            "description": "Console Table",
            "support": {
                "issues": "https://github.com/phplucidframe/console-table/issues",
                "source": "https://github.com/phplucidframe/console-table/tree/v1.3.0"
            },
            "time": "2024-10-22T15:09:33+00:00"
        }
    ],
    "packages-dev": [],
    "aliases": [],
    "minimum-stability": "stable",
    "stability-flags": [],
    "prefer-stable": false,
    "prefer-lowest": false,
    "platform": [],
    "platform-dev": [],
    "plugin-api-version": "2.6.0"
}
